
Microsoft Visual Studio Solution File, Format Version 11.00
# Visual Studio 2010
Project("{FAE04EC0-301F-11D3-BF4B-00C04F79EFBC}") = "System.Linq.Dynamic", "System.Linq.Dynamic\System.Linq.Dynamic.csproj", "{B6EDF157-6153-4684-A577-DE33896DBAA8}"
EndProject
Project("{FAE04EC0-301F-11D3-BF4B-00C04F79EFBC}") = "System.Linq.Dynamic.Test", "System.Linq.Dynamic.Test\System.Linq.Dynamic.Test.csproj", "{66D3514B-0E04-4C85-879D-67E15FBD0E37}"
EndProject
Project("{2150E333-8FDC-42A3-9474-1A3956D46DE8}") = "Solution Items", "Solution Items", "{0185395A-4942-45C3-9C90-169A15D0E649}"
	ProjectSection(SolutionItems) = preProject
		Local.testsettings = Local.testsettings
		..\NuGet\System.Linq.Dynamic.nuspec = ..\NuGet\System.Linq.Dynamic.nuspec
		System.Linq.Dynamic.vsmdi = System.Linq.Dynamic.vsmdi
		TraceAndTestImpact.testsettings = TraceAndTestImpact.testsettings
	EndProjectSection
EndProject
Global
	GlobalSection(TestCaseManagementSettings) = postSolution
		CategoryFile = System.Linq.Dynamic.vsmdi
	EndGlobalSection
	GlobalSection(SolutionConfigurationPlatforms) = preSolution
		Debug|Any CPU = Debug|Any CPU
		Release|Any CPU = Release|Any CPU
	EndGlobalSection
	GlobalSection(ProjectConfigurationPlatforms) = postSolution
		{B6EDF157-6153-4684-A577-DE33896DBAA8}.Debug|Any CPU.ActiveCfg = Debug|Any CPU
		{B6EDF157-6153-4684-A577-DE33896DBAA8}.Debug|Any CPU.Build.0 = Debug|Any CPU
		{B6EDF157-6153-4684-A577-DE33896DBAA8}.Release|Any CPU.ActiveCfg = Release|Any CPU
		{B6EDF157-6153-4684-A577-DE33896DBAA8}.Release|Any CPU.Build.0 = Release|Any CPU
		{66D3514B-0E04-4C85-879D-67E15FBD0E37}.Debug|Any CPU.ActiveCfg = Debug|Any CPU
		{66D3514B-0E04-4C85-879D-67E15FBD0E37}.Debug|Any CPU.Build.0 = Debug|Any CPU
		{66D3514B-0E04-4C85-879D-67E15FBD0E37}.Release|Any CPU.ActiveCfg = Release|Any CPU
		{66D3514B-0E04-4C85-879D-67E15FBD0E37}.Release|Any CPU.Build.0 = Release|Any CPU
	EndGlobalSection
	GlobalSection(SolutionProperties) = preSolution
		HideSolutionNode = FALSE
	EndGlobalSection
EndGlobal
