
Microsoft Visual Studio Solution File, Format Version 12.00
# Visual Studio 2013
VisualStudioVersion = 12.0.31101.0
MinimumVisualStudioVersion = 10.0.40219.1
Project("{FAE04EC0-301F-11D3-BF4B-00C04F79EFBC}") = "System.Linq.Dynamic", "System.Linq.Dynamic\System.Linq.Dynamic.csproj", "{B6EDF157-6153-4684-A577-DE33896DBAA8}"
EndProject
Project("{FAE04EC0-301F-11D3-BF4B-00C04F79EFBC}") = "System.Linq.Dynamic.Tests", "System.Linq.Dynamic.Tests\System.Linq.Dynamic.Tests.csproj", "{CD61912B-3FC4-4598-A111-31D29A674220}"
EndProject
Project("{FAE04EC0-301F-11D3-BF4B-00C04F79EFBC}") = "System.Linq.Dynamic.For35", "System.Linq.Dynamic.For35\System.Linq.Dynamic.For35.csproj", "{801D4F1D-1B5F-404C-BFA2-D69F38EEDDF5}"
EndProject
Project("{FAE04EC0-301F-11D3-BF4B-00C04F79EFBC}") = "System.Linq.Dynamic.For35.Tests", "System.Linq.Dynamic.For35.Tests\System.Linq.Dynamic.For35.Tests.csproj", "{A52FEE93-1E63-4D8C-8E22-94DB07C163DD}"
EndProject
Project("{2150E333-8FDC-42A3-9474-1A3956D46DE8}") = "For35", "For35", "{1FDEF655-C276-4179-B8DD-E9FEB227E533}"
EndProject
Project("{2150E333-8FDC-42A3-9474-1A3956D46DE8}") = "WebDocs", "WebDocs", "{26DA1D2C-741D-4EF5-8869-AAF480C89028}"
EndProject
Project("{FAE04EC0-301F-11D3-BF4B-00C04F79EFBC}") = "DynamicLinqWebDocs", "DynamicLinqWebDocs\DynamicLinqWebDocs.csproj", "{1942BDB5-CDA0-4B50-85BD-D726303F219C}"
EndProject
Project("{FAE04EC0-301F-11D3-BF4B-00C04F79EFBC}") = "System.Linq.Dynamic.SL", "System.Linq.Dynamic.SL\System.Linq.Dynamic.SL.csproj", "{D884F2FA-4C3B-4B5F-82FB-4F1F08EE54FF}"
EndProject
Project("{2150E333-8FDC-42A3-9474-1A3956D46DE8}") = "ForSL", "ForSL", "{D659EBC1-17AA-424B-BD74-91657C731B85}"
EndProject
Project("{2150E333-8FDC-42A3-9474-1A3956D46DE8}") = "Solution Items", "Solution Items", "{7CB0622D-580A-46ED-8631-6F85EA46EA1E}"
	ProjectSection(SolutionItems) = preProject
		..\licence.txt = ..\licence.txt
		..\README.md = ..\README.md
	EndProjectSection
EndProject
Project("{2150E333-8FDC-42A3-9474-1A3956D46DE8}") = "NuGet", "NuGet", "{7E2EAE3D-74C1-427E-896E-2F21F4BCDE18}"
	ProjectSection(SolutionItems) = preProject
		..\NuGet\System.Linq.Dynamic.nuspec = ..\NuGet\System.Linq.Dynamic.nuspec
	EndProjectSection
EndProject
Global
	GlobalSection(SolutionConfigurationPlatforms) = preSolution
		Debug|Any CPU = Debug|Any CPU
		Release|Any CPU = Release|Any CPU
	EndGlobalSection
	GlobalSection(ProjectConfigurationPlatforms) = postSolution
		{B6EDF157-6153-4684-A577-DE33896DBAA8}.Debug|Any CPU.ActiveCfg = Debug|Any CPU
		{B6EDF157-6153-4684-A577-DE33896DBAA8}.Debug|Any CPU.Build.0 = Debug|Any CPU
		{B6EDF157-6153-4684-A577-DE33896DBAA8}.Release|Any CPU.ActiveCfg = Release|Any CPU
		{B6EDF157-6153-4684-A577-DE33896DBAA8}.Release|Any CPU.Build.0 = Release|Any CPU
		{CD61912B-3FC4-4598-A111-31D29A674220}.Debug|Any CPU.ActiveCfg = Debug|Any CPU
		{CD61912B-3FC4-4598-A111-31D29A674220}.Debug|Any CPU.Build.0 = Debug|Any CPU
		{CD61912B-3FC4-4598-A111-31D29A674220}.Release|Any CPU.ActiveCfg = Release|Any CPU
		{801D4F1D-1B5F-404C-BFA2-D69F38EEDDF5}.Debug|Any CPU.ActiveCfg = Debug|Any CPU
		{801D4F1D-1B5F-404C-BFA2-D69F38EEDDF5}.Debug|Any CPU.Build.0 = Debug|Any CPU
		{801D4F1D-1B5F-404C-BFA2-D69F38EEDDF5}.Release|Any CPU.ActiveCfg = Release|Any CPU
		{801D4F1D-1B5F-404C-BFA2-D69F38EEDDF5}.Release|Any CPU.Build.0 = Release|Any CPU
		{A52FEE93-1E63-4D8C-8E22-94DB07C163DD}.Debug|Any CPU.ActiveCfg = Debug|Any CPU
		{A52FEE93-1E63-4D8C-8E22-94DB07C163DD}.Debug|Any CPU.Build.0 = Debug|Any CPU
		{A52FEE93-1E63-4D8C-8E22-94DB07C163DD}.Release|Any CPU.ActiveCfg = Release|Any CPU
		{1942BDB5-CDA0-4B50-85BD-D726303F219C}.Debug|Any CPU.ActiveCfg = Debug|Any CPU
		{1942BDB5-CDA0-4B50-85BD-D726303F219C}.Debug|Any CPU.Build.0 = Debug|Any CPU
		{1942BDB5-CDA0-4B50-85BD-D726303F219C}.Release|Any CPU.ActiveCfg = Release|Any CPU
		{1942BDB5-CDA0-4B50-85BD-D726303F219C}.Release|Any CPU.Build.0 = Release|Any CPU
		{D884F2FA-4C3B-4B5F-82FB-4F1F08EE54FF}.Debug|Any CPU.ActiveCfg = Debug|Any CPU
		{D884F2FA-4C3B-4B5F-82FB-4F1F08EE54FF}.Debug|Any CPU.Build.0 = Debug|Any CPU
		{D884F2FA-4C3B-4B5F-82FB-4F1F08EE54FF}.Release|Any CPU.ActiveCfg = Release|Any CPU
		{D884F2FA-4C3B-4B5F-82FB-4F1F08EE54FF}.Release|Any CPU.Build.0 = Release|Any CPU
	EndGlobalSection
	GlobalSection(SolutionProperties) = preSolution
		HideSolutionNode = FALSE
	EndGlobalSection
	GlobalSection(NestedProjects) = preSolution
		{801D4F1D-1B5F-404C-BFA2-D69F38EEDDF5} = {1FDEF655-C276-4179-B8DD-E9FEB227E533}
		{A52FEE93-1E63-4D8C-8E22-94DB07C163DD} = {1FDEF655-C276-4179-B8DD-E9FEB227E533}
		{1942BDB5-CDA0-4B50-85BD-D726303F219C} = {26DA1D2C-741D-4EF5-8869-AAF480C89028}
		{D884F2FA-4C3B-4B5F-82FB-4F1F08EE54FF} = {D659EBC1-17AA-424B-BD74-91657C731B85}
	EndGlobalSection
EndGlobal
